
Microsoft Visual Studio Solution File, Format Version 11.00
# Visual Studio 2010
Project("{8BC9CEB8-8B4A-11D0-8D11-00A0C91BC942}") = "snake", "snake\snake.vcxproj", "{110A60BD-AAB9-46B1-801B-99E0A86094BB}"
EndProject
Global
	GlobalSection(SolutionConfigurationPlatforms) = preSolution
		Debug|Win32 = Debug|Win32
		Release|Win32 = Release|Win32
	EndGlobalSection
	GlobalSection(ProjectConfigurationPlatforms) = postSolution
		{110A60BD-AAB9-46B1-801B-99E0A86094BB}.Debug|Win32.ActiveCfg = Debug|Win32
		{110A60BD-AAB9-46B1-801B-99E0A86094BB}.Debug|Win32.Build.0 = Debug|Win32
		{110A60BD-AAB9-46B1-801B-99E0A86094BB}.Release|Win32.ActiveCfg = Release|Win32
		{110A60BD-AAB9-46B1-801B-99E0A86094BB}.Release|Win32.Build.0 = Release|Win32
	EndGlobalSection
	GlobalSection(SolutionProperties) = preSolution
		HideSolutionNode = FALSE
	EndGlobalSection
EndGlobal
